
Microsoft Visual Studio Solution File, Format Version 12.00
# Visual Studio Version 16
VisualStudioVersion = 16.0.30804.86
MinimumVisualStudioVersion = 10.0.40219.1
Project("{888888A0-9F3D-457C-B088-3A5042F75D52}") = "Library", "Library\Library.pyproj", "{DD197FB0-337A-43CC-8579-ADF11AE5413B}"
EndProject
Global
	GlobalSection(SolutionConfigurationPlatforms) = preSolution
		Debug|Any CPU = Debug|Any CPU
		Release|Any CPU = Release|Any CPU
	EndGlobalSection
	GlobalSection(ProjectConfigurationPlatforms) = postSolution
		{DD197FB0-337A-43CC-8579-ADF11AE5413B}.Debug|Any CPU.ActiveCfg = Debug|Any CPU
		{DD197FB0-337A-43CC-8579-ADF11AE5413B}.Release|Any CPU.ActiveCfg = Release|Any CPU
	EndGlobalSection
	GlobalSection(SolutionProperties) = preSolution
		HideSolutionNode = FALSE
	EndGlobalSection
	GlobalSection(ExtensibilityGlobals) = postSolution
		SolutionGuid = {5F74C91D-8F17-49A8-BD00-B9A97AFF2033}
	EndGlobalSection
EndGlobal
